# This file is autogenerated, do not edit; changes may be undone by the next 'dep ensure'.


[[projects]]
  branch = "master"
  name = "github.com/gen2brain/go-unarr"
  packages = ["."]
  revision = "2adf16213a3c6333c47708458fe777f9e193e396"

[solve-meta]
  analyzer-name = "dep"
  analyzer-version = 1
  inputs-digest = "1967756cf3c4b3c940c9bf6f4589ad7b9881a7203ff869185198db948966cc66"
  solver-name = "gps-cdcl"
  solver-version = 1
